
Microsoft Visual Studio Solution File, Format Version 12.00
# Visual Studio Version 17
VisualStudioVersion = 17.12.35707.178
MinimumVisualStudioVersion = 10.0.40219.1
Project("{FAE04EC0-301F-11D3-BF4B-00C04F79EFBC}") = "SneakerShop.Domain", "SneakerShop.Domain\SneakerShop.Domain.csproj", "{8EBB625C-84A6-49B3-B07D-EDC6DB02D552}"
EndProject
Project("{FAE04EC0-301F-11D3-BF4B-00C04F79EFBC}") = "SneakerShop.Application", "SneakerShop.Application\SneakerShop.Application.csproj", "{96B9770F-D04E-4690-A2F9-C442522D1164}"
EndProject
Project("{FAE04EC0-301F-11D3-BF4B-00C04F79EFBC}") = "SneakerShop.Infrastructure", "SneakerShop.Infrastructure\SneakerShop.Infrastructure.csproj", "{7EAFF59B-1202-489E-A548-2F406D4996C8}"
EndProject
Project("{FAE04EC0-301F-11D3-BF4B-00C04F79EFBC}") = "SneakerShop.API", "SneakerShop.API\SneakerShop.API.csproj", "{30C9ECB5-54EE-464E-8124-9055ED360A9A}"
EndProject
Project("{2150E333-8FDC-42A3-9474-1A3956D46DE8}") = "Solution Items", "Solution Items", "{E079EF0B-1307-4DB3-9D96-0CC9E4B584CF}"
	ProjectSection(SolutionItems) = preProject
		.gitignore = .gitignore
	EndProjectSection
EndProject
Project("{E24C65DC-7377-472B-9ABA-BC803B73C61A}") = "client", "client\", "{FE175189-C76E-4A9A-9D3F-731A345C9516}"
	ProjectSection(WebsiteProperties) = preProject
		TargetFrameworkMoniker = ".NETFramework,Version%3Dv4.8"
		Debug.AspNetCompiler.VirtualPath = "/localhost_54189"
		Debug.AspNetCompiler.PhysicalPath = "client\"
		Debug.AspNetCompiler.TargetPath = "PrecompiledWeb\localhost_54189\"
		Debug.AspNetCompiler.Updateable = "true"
		Debug.AspNetCompiler.ForceOverwrite = "true"
		Debug.AspNetCompiler.FixedNames = "false"
		Debug.AspNetCompiler.Debug = "True"
		Release.AspNetCompiler.VirtualPath = "/localhost_54189"
		Release.AspNetCompiler.PhysicalPath = "client\"
		Release.AspNetCompiler.TargetPath = "PrecompiledWeb\localhost_54189\"
		Release.AspNetCompiler.Updateable = "true"
		Release.AspNetCompiler.ForceOverwrite = "true"
		Release.AspNetCompiler.FixedNames = "false"
		Release.AspNetCompiler.Debug = "False"
		VWDPort = "54189"
		SlnRelativePath = "client\"
	EndProjectSection
EndProject
Global
	GlobalSection(SolutionConfigurationPlatforms) = preSolution
		Debug|Any CPU = Debug|Any CPU
		Release|Any CPU = Release|Any CPU
	EndGlobalSection
	GlobalSection(ProjectConfigurationPlatforms) = postSolution
		{8EBB625C-84A6-49B3-B07D-EDC6DB02D552}.Debug|Any CPU.ActiveCfg = Debug|Any CPU
		{8EBB625C-84A6-49B3-B07D-EDC6DB02D552}.Debug|Any CPU.Build.0 = Debug|Any CPU
		{8EBB625C-84A6-49B3-B07D-EDC6DB02D552}.Release|Any CPU.ActiveCfg = Release|Any CPU
		{8EBB625C-84A6-49B3-B07D-EDC6DB02D552}.Release|Any CPU.Build.0 = Release|Any CPU
		{96B9770F-D04E-4690-A2F9-C442522D1164}.Debug|Any CPU.ActiveCfg = Debug|Any CPU
		{96B9770F-D04E-4690-A2F9-C442522D1164}.Debug|Any CPU.Build.0 = Debug|Any CPU
		{96B9770F-D04E-4690-A2F9-C442522D1164}.Release|Any CPU.ActiveCfg = Release|Any CPU
		{96B9770F-D04E-4690-A2F9-C442522D1164}.Release|Any CPU.Build.0 = Release|Any CPU
		{7EAFF59B-1202-489E-A548-2F406D4996C8}.Debug|Any CPU.ActiveCfg = Debug|Any CPU
		{7EAFF59B-1202-489E-A548-2F406D4996C8}.Debug|Any CPU.Build.0 = Debug|Any CPU
		{7EAFF59B-1202-489E-A548-2F406D4996C8}.Release|Any CPU.ActiveCfg = Release|Any CPU
		{7EAFF59B-1202-489E-A548-2F406D4996C8}.Release|Any CPU.Build.0 = Release|Any CPU
		{30C9ECB5-54EE-464E-8124-9055ED360A9A}.Debug|Any CPU.ActiveCfg = Debug|Any CPU
		{30C9ECB5-54EE-464E-8124-9055ED360A9A}.Debug|Any CPU.Build.0 = Debug|Any CPU
		{30C9ECB5-54EE-464E-8124-9055ED360A9A}.Release|Any CPU.ActiveCfg = Release|Any CPU
		{30C9ECB5-54EE-464E-8124-9055ED360A9A}.Release|Any CPU.Build.0 = Release|Any CPU
		{FE175189-C76E-4A9A-9D3F-731A345C9516}.Debug|Any CPU.ActiveCfg = Debug|Any CPU
		{FE175189-C76E-4A9A-9D3F-731A345C9516}.Debug|Any CPU.Build.0 = Debug|Any CPU
		{FE175189-C76E-4A9A-9D3F-731A345C9516}.Release|Any CPU.ActiveCfg = Debug|Any CPU
		{FE175189-C76E-4A9A-9D3F-731A345C9516}.Release|Any CPU.Build.0 = Debug|Any CPU
	EndGlobalSection
	GlobalSection(SolutionProperties) = preSolution
		HideSolutionNode = FALSE
	EndGlobalSection
EndGlobal
